
Microsoft Visual Studio Solution File, Format Version 12.00
# Visual Studio Version 17
VisualStudioVersion = 17.0.31903.59
MinimumVisualStudioVersion = 10.0.40219.1
Project("{FAE04EC0-301F-11D3-BF4B-00C04F79EFBC}") = "N_1", "N_1\N_1.csproj", "{B16CC474-81C1-4C65-884B-2E6251687BE0}"
EndProject
Project("{FAE04EC0-301F-11D3-BF4B-00C04F79EFBC}") = "N_2", "N_2\N_2.csproj", "{FDC1B839-6090-4F7F-B6E5-C2794DAD24F4}"
EndProject
Global
	GlobalSection(SolutionConfigurationPlatforms) = preSolution
		Debug|Any CPU = Debug|Any CPU
		Release|Any CPU = Release|Any CPU
	EndGlobalSection
	GlobalSection(SolutionProperties) = preSolution
		HideSolutionNode = FALSE
	EndGlobalSection
	GlobalSection(ProjectConfigurationPlatforms) = postSolution
		{B16CC474-81C1-4C65-884B-2E6251687BE0}.Debug|Any CPU.ActiveCfg = Debug|Any CPU
		{B16CC474-81C1-4C65-884B-2E6251687BE0}.Debug|Any CPU.Build.0 = Debug|Any CPU
		{B16CC474-81C1-4C65-884B-2E6251687BE0}.Release|Any CPU.ActiveCfg = Release|Any CPU
		{B16CC474-81C1-4C65-884B-2E6251687BE0}.Release|Any CPU.Build.0 = Release|Any CPU
		{FDC1B839-6090-4F7F-B6E5-C2794DAD24F4}.Debug|Any CPU.ActiveCfg = Debug|Any CPU
		{FDC1B839-6090-4F7F-B6E5-C2794DAD24F4}.Debug|Any CPU.Build.0 = Debug|Any CPU
		{FDC1B839-6090-4F7F-B6E5-C2794DAD24F4}.Release|Any CPU.ActiveCfg = Release|Any CPU
		{FDC1B839-6090-4F7F-B6E5-C2794DAD24F4}.Release|Any CPU.Build.0 = Release|Any CPU
	EndGlobalSection
EndGlobal
