
Microsoft Visual Studio Solution File, Format Version 12.00
# Visual Studio Version 17
VisualStudioVersion = 17.0.31903.59
MinimumVisualStudioVersion = 10.0.40219.1
Project("{FAE04EC0-301F-11D3-BF4B-00C04F79EFBC}") = "N_1", "N_1\N_1.csproj", "{5D30AACF-33CF-4875-A5DB-DE5FCD6078A1}"
EndProject
Project("{FAE04EC0-301F-11D3-BF4B-00C04F79EFBC}") = "N_2", "N_2\N_2.csproj", "{BCA1726B-D136-4B94-888F-8EC79F88B98B}"
EndProject
Global
	GlobalSection(SolutionConfigurationPlatforms) = preSolution
		Debug|Any CPU = Debug|Any CPU
		Release|Any CPU = Release|Any CPU
	EndGlobalSection
	GlobalSection(SolutionProperties) = preSolution
		HideSolutionNode = FALSE
	EndGlobalSection
	GlobalSection(ProjectConfigurationPlatforms) = postSolution
		{5D30AACF-33CF-4875-A5DB-DE5FCD6078A1}.Debug|Any CPU.ActiveCfg = Debug|Any CPU
		{5D30AACF-33CF-4875-A5DB-DE5FCD6078A1}.Debug|Any CPU.Build.0 = Debug|Any CPU
		{5D30AACF-33CF-4875-A5DB-DE5FCD6078A1}.Release|Any CPU.ActiveCfg = Release|Any CPU
		{5D30AACF-33CF-4875-A5DB-DE5FCD6078A1}.Release|Any CPU.Build.0 = Release|Any CPU
		{BCA1726B-D136-4B94-888F-8EC79F88B98B}.Debug|Any CPU.ActiveCfg = Debug|Any CPU
		{BCA1726B-D136-4B94-888F-8EC79F88B98B}.Debug|Any CPU.Build.0 = Debug|Any CPU
		{BCA1726B-D136-4B94-888F-8EC79F88B98B}.Release|Any CPU.ActiveCfg = Release|Any CPU
		{BCA1726B-D136-4B94-888F-8EC79F88B98B}.Release|Any CPU.Build.0 = Release|Any CPU
	EndGlobalSection
EndGlobal
