
Microsoft Visual Studio Solution File, Format Version 12.00
# Visual Studio 15
VisualStudioVersion = 15.0.34526.175
MinimumVisualStudioVersion = 10.0.40219.1
Project("{FAE04EC0-301F-11D3-BF4B-00C04F79EFBC}") = "N_1", "N_1\N_1.csproj", "{8123A2CF-001C-418D-8CFD-569E8D73B621}"
EndProject
Project("{FAE04EC0-301F-11D3-BF4B-00C04F79EFBC}") = "N_2", "N_2\N_2.csproj", "{9AAF14D8-EA0A-488B-8A42-F5F0A70DD31A}"
EndProject
Project("{FAE04EC0-301F-11D3-BF4B-00C04F79EFBC}") = "N_3", "N_3\N_3.csproj", "{A5F1B78C-4B41-4593-BA00-DD45DD1694C8}"
EndProject
Global
	GlobalSection(SolutionConfigurationPlatforms) = preSolution
		Debug|Any CPU = Debug|Any CPU
		Release|Any CPU = Release|Any CPU
	EndGlobalSection
	GlobalSection(ProjectConfigurationPlatforms) = postSolution
		{8123A2CF-001C-418D-8CFD-569E8D73B621}.Debug|Any CPU.ActiveCfg = Debug|Any CPU
		{8123A2CF-001C-418D-8CFD-569E8D73B621}.Debug|Any CPU.Build.0 = Debug|Any CPU
		{8123A2CF-001C-418D-8CFD-569E8D73B621}.Release|Any CPU.ActiveCfg = Release|Any CPU
		{8123A2CF-001C-418D-8CFD-569E8D73B621}.Release|Any CPU.Build.0 = Release|Any CPU
		{9AAF14D8-EA0A-488B-8A42-F5F0A70DD31A}.Debug|Any CPU.ActiveCfg = Debug|Any CPU
		{9AAF14D8-EA0A-488B-8A42-F5F0A70DD31A}.Debug|Any CPU.Build.0 = Debug|Any CPU
		{9AAF14D8-EA0A-488B-8A42-F5F0A70DD31A}.Release|Any CPU.ActiveCfg = Release|Any CPU
		{9AAF14D8-EA0A-488B-8A42-F5F0A70DD31A}.Release|Any CPU.Build.0 = Release|Any CPU
		{A5F1B78C-4B41-4593-BA00-DD45DD1694C8}.Debug|Any CPU.ActiveCfg = Debug|Any CPU
		{A5F1B78C-4B41-4593-BA00-DD45DD1694C8}.Debug|Any CPU.Build.0 = Debug|Any CPU
		{A5F1B78C-4B41-4593-BA00-DD45DD1694C8}.Release|Any CPU.ActiveCfg = Release|Any CPU
		{A5F1B78C-4B41-4593-BA00-DD45DD1694C8}.Release|Any CPU.Build.0 = Release|Any CPU
	EndGlobalSection
	GlobalSection(SolutionProperties) = preSolution
		HideSolutionNode = FALSE
	EndGlobalSection
	GlobalSection(ExtensibilityGlobals) = postSolution
		SolutionGuid = {148D9D09-1A46-4BC8-97C5-D8ABD296DA78}
	EndGlobalSection
EndGlobal
