
Microsoft Visual Studio Solution File, Format Version 12.00
# Visual Studio Version 17
VisualStudioVersion = 17.0.31903.59
MinimumVisualStudioVersion = 10.0.40219.1
Project("{FAE04EC0-301F-11D3-BF4B-00C04F79EFBC}") = "N_1", "N_1\N_1.csproj", "{87619EA7-F0B2-4F98-BBED-217E489877A4}"
EndProject
Project("{FAE04EC0-301F-11D3-BF4B-00C04F79EFBC}") = "N_2", "N_2\N_2.csproj", "{53AC7EB3-993C-466F-AF5E-3880C6EE7B03}"
EndProject
Project("{FAE04EC0-301F-11D3-BF4B-00C04F79EFBC}") = "N_3", "N_3\N_3.csproj", "{01A41EE5-84F7-490C-AB1D-858CE0C19D9F}"
EndProject
Project("{FAE04EC0-301F-11D3-BF4B-00C04F79EFBC}") = "N_4", "N_4\N_4.csproj", "{0685C3C8-EC59-4593-B95A-BEDFEA374A21}"
EndProject
Project("{FAE04EC0-301F-11D3-BF4B-00C04F79EFBC}") = "N_5", "N_5\N_5.csproj", "{88B66621-E60F-4585-97B1-0CA05C142C50}"
EndProject
Project("{FAE04EC0-301F-11D3-BF4B-00C04F79EFBC}") = "N_6", "N_6\N_6.csproj", "{CD4A53CB-47AB-4AB4-B66E-98C52A51217C}"
EndProject
Project("{FAE04EC0-301F-11D3-BF4B-00C04F79EFBC}") = "N_7", "N_7\N_7.csproj", "{9E3066D3-0D26-449C-B088-1B9BEDA6A04F}"
EndProject
Project("{FAE04EC0-301F-11D3-BF4B-00C04F79EFBC}") = "N_8", "N_8\N_8.csproj", "{981A5AF7-F7AC-441C-924B-3F64EAD9C699}"
EndProject
Project("{FAE04EC0-301F-11D3-BF4B-00C04F79EFBC}") = "N_9", "N_9\N_9.csproj", "{AF7C52D9-DCEF-4832-BFD0-7ED5D542602E}"
EndProject
Project("{FAE04EC0-301F-11D3-BF4B-00C04F79EFBC}") = "N_10", "N_10\N_10.csproj", "{EF39BB4A-D276-497F-BFE5-1D063E15CB9E}"
EndProject
Project("{FAE04EC0-301F-11D3-BF4B-00C04F79EFBC}") = "N_11", "N_11\N_11.csproj", "{7988FD99-7E78-4C90-89AD-81C588C6AAFF}"
EndProject
Global
	GlobalSection(SolutionConfigurationPlatforms) = preSolution
		Debug|Any CPU = Debug|Any CPU
		Release|Any CPU = Release|Any CPU
	EndGlobalSection
	GlobalSection(SolutionProperties) = preSolution
		HideSolutionNode = FALSE
	EndGlobalSection
	GlobalSection(ProjectConfigurationPlatforms) = postSolution
		{87619EA7-F0B2-4F98-BBED-217E489877A4}.Debug|Any CPU.ActiveCfg = Debug|Any CPU
		{87619EA7-F0B2-4F98-BBED-217E489877A4}.Debug|Any CPU.Build.0 = Debug|Any CPU
		{87619EA7-F0B2-4F98-BBED-217E489877A4}.Release|Any CPU.ActiveCfg = Release|Any CPU
		{87619EA7-F0B2-4F98-BBED-217E489877A4}.Release|Any CPU.Build.0 = Release|Any CPU
		{53AC7EB3-993C-466F-AF5E-3880C6EE7B03}.Debug|Any CPU.ActiveCfg = Debug|Any CPU
		{53AC7EB3-993C-466F-AF5E-3880C6EE7B03}.Debug|Any CPU.Build.0 = Debug|Any CPU
		{53AC7EB3-993C-466F-AF5E-3880C6EE7B03}.Release|Any CPU.ActiveCfg = Release|Any CPU
		{53AC7EB3-993C-466F-AF5E-3880C6EE7B03}.Release|Any CPU.Build.0 = Release|Any CPU
		{01A41EE5-84F7-490C-AB1D-858CE0C19D9F}.Debug|Any CPU.ActiveCfg = Debug|Any CPU
		{01A41EE5-84F7-490C-AB1D-858CE0C19D9F}.Debug|Any CPU.Build.0 = Debug|Any CPU
		{01A41EE5-84F7-490C-AB1D-858CE0C19D9F}.Release|Any CPU.ActiveCfg = Release|Any CPU
		{01A41EE5-84F7-490C-AB1D-858CE0C19D9F}.Release|Any CPU.Build.0 = Release|Any CPU
		{0685C3C8-EC59-4593-B95A-BEDFEA374A21}.Debug|Any CPU.ActiveCfg = Debug|Any CPU
		{0685C3C8-EC59-4593-B95A-BEDFEA374A21}.Debug|Any CPU.Build.0 = Debug|Any CPU
		{0685C3C8-EC59-4593-B95A-BEDFEA374A21}.Release|Any CPU.ActiveCfg = Release|Any CPU
		{0685C3C8-EC59-4593-B95A-BEDFEA374A21}.Release|Any CPU.Build.0 = Release|Any CPU
		{88B66621-E60F-4585-97B1-0CA05C142C50}.Debug|Any CPU.ActiveCfg = Debug|Any CPU
		{88B66621-E60F-4585-97B1-0CA05C142C50}.Debug|Any CPU.Build.0 = Debug|Any CPU
		{88B66621-E60F-4585-97B1-0CA05C142C50}.Release|Any CPU.ActiveCfg = Release|Any CPU
		{88B66621-E60F-4585-97B1-0CA05C142C50}.Release|Any CPU.Build.0 = Release|Any CPU
		{CD4A53CB-47AB-4AB4-B66E-98C52A51217C}.Debug|Any CPU.ActiveCfg = Debug|Any CPU
		{CD4A53CB-47AB-4AB4-B66E-98C52A51217C}.Debug|Any CPU.Build.0 = Debug|Any CPU
		{CD4A53CB-47AB-4AB4-B66E-98C52A51217C}.Release|Any CPU.ActiveCfg = Release|Any CPU
		{CD4A53CB-47AB-4AB4-B66E-98C52A51217C}.Release|Any CPU.Build.0 = Release|Any CPU
		{9E3066D3-0D26-449C-B088-1B9BEDA6A04F}.Debug|Any CPU.ActiveCfg = Debug|Any CPU
		{9E3066D3-0D26-449C-B088-1B9BEDA6A04F}.Debug|Any CPU.Build.0 = Debug|Any CPU
		{9E3066D3-0D26-449C-B088-1B9BEDA6A04F}.Release|Any CPU.ActiveCfg = Release|Any CPU
		{9E3066D3-0D26-449C-B088-1B9BEDA6A04F}.Release|Any CPU.Build.0 = Release|Any CPU
		{981A5AF7-F7AC-441C-924B-3F64EAD9C699}.Debug|Any CPU.ActiveCfg = Debug|Any CPU
		{981A5AF7-F7AC-441C-924B-3F64EAD9C699}.Debug|Any CPU.Build.0 = Debug|Any CPU
		{981A5AF7-F7AC-441C-924B-3F64EAD9C699}.Release|Any CPU.ActiveCfg = Release|Any CPU
		{981A5AF7-F7AC-441C-924B-3F64EAD9C699}.Release|Any CPU.Build.0 = Release|Any CPU
		{AF7C52D9-DCEF-4832-BFD0-7ED5D542602E}.Debug|Any CPU.ActiveCfg = Debug|Any CPU
		{AF7C52D9-DCEF-4832-BFD0-7ED5D542602E}.Debug|Any CPU.Build.0 = Debug|Any CPU
		{AF7C52D9-DCEF-4832-BFD0-7ED5D542602E}.Release|Any CPU.ActiveCfg = Release|Any CPU
		{AF7C52D9-DCEF-4832-BFD0-7ED5D542602E}.Release|Any CPU.Build.0 = Release|Any CPU
		{EF39BB4A-D276-497F-BFE5-1D063E15CB9E}.Debug|Any CPU.ActiveCfg = Debug|Any CPU
		{EF39BB4A-D276-497F-BFE5-1D063E15CB9E}.Debug|Any CPU.Build.0 = Debug|Any CPU
		{EF39BB4A-D276-497F-BFE5-1D063E15CB9E}.Release|Any CPU.ActiveCfg = Release|Any CPU
		{EF39BB4A-D276-497F-BFE5-1D063E15CB9E}.Release|Any CPU.Build.0 = Release|Any CPU
		{7988FD99-7E78-4C90-89AD-81C588C6AAFF}.Debug|Any CPU.ActiveCfg = Debug|Any CPU
		{7988FD99-7E78-4C90-89AD-81C588C6AAFF}.Debug|Any CPU.Build.0 = Debug|Any CPU
		{7988FD99-7E78-4C90-89AD-81C588C6AAFF}.Release|Any CPU.ActiveCfg = Release|Any CPU
		{7988FD99-7E78-4C90-89AD-81C588C6AAFF}.Release|Any CPU.Build.0 = Release|Any CPU
	EndGlobalSection
EndGlobal
