
Microsoft Visual Studio Solution File, Format Version 12.00
# Visual Studio 15
VisualStudioVersion = 15.0.34526.175
MinimumVisualStudioVersion = 10.0.40219.1
Project("{FAE04EC0-301F-11D3-BF4B-00C04F79EFBC}") = "N_1", "N_1\N_1.csproj", "{EC33A9DE-7658-4A92-9B6D-23286617AA84}"
EndProject
Project("{FAE04EC0-301F-11D3-BF4B-00C04F79EFBC}") = "N_2", "N_2\N_2.csproj", "{498A47C2-CFF1-4076-865D-470600511A7A}"
EndProject
Project("{FAE04EC0-301F-11D3-BF4B-00C04F79EFBC}") = "N_3", "N_3\N_3.csproj", "{170AA5E7-2F4B-4C5E-B524-C0FAEC53C891}"
EndProject
Project("{FAE04EC0-301F-11D3-BF4B-00C04F79EFBC}") = "N_4", "N_4\N_4.csproj", "{5C9C7BEF-1A66-46F2-9FD4-E0EE990F2C09}"
EndProject
Global
	GlobalSection(SolutionConfigurationPlatforms) = preSolution
		Debug|Any CPU = Debug|Any CPU
		Release|Any CPU = Release|Any CPU
	EndGlobalSection
	GlobalSection(ProjectConfigurationPlatforms) = postSolution
		{EC33A9DE-7658-4A92-9B6D-23286617AA84}.Debug|Any CPU.ActiveCfg = Debug|Any CPU
		{EC33A9DE-7658-4A92-9B6D-23286617AA84}.Debug|Any CPU.Build.0 = Debug|Any CPU
		{EC33A9DE-7658-4A92-9B6D-23286617AA84}.Release|Any CPU.ActiveCfg = Release|Any CPU
		{EC33A9DE-7658-4A92-9B6D-23286617AA84}.Release|Any CPU.Build.0 = Release|Any CPU
		{498A47C2-CFF1-4076-865D-470600511A7A}.Debug|Any CPU.ActiveCfg = Debug|Any CPU
		{498A47C2-CFF1-4076-865D-470600511A7A}.Debug|Any CPU.Build.0 = Debug|Any CPU
		{498A47C2-CFF1-4076-865D-470600511A7A}.Release|Any CPU.ActiveCfg = Release|Any CPU
		{498A47C2-CFF1-4076-865D-470600511A7A}.Release|Any CPU.Build.0 = Release|Any CPU
		{170AA5E7-2F4B-4C5E-B524-C0FAEC53C891}.Debug|Any CPU.ActiveCfg = Debug|Any CPU
		{170AA5E7-2F4B-4C5E-B524-C0FAEC53C891}.Debug|Any CPU.Build.0 = Debug|Any CPU
		{170AA5E7-2F4B-4C5E-B524-C0FAEC53C891}.Release|Any CPU.ActiveCfg = Release|Any CPU
		{170AA5E7-2F4B-4C5E-B524-C0FAEC53C891}.Release|Any CPU.Build.0 = Release|Any CPU
		{5C9C7BEF-1A66-46F2-9FD4-E0EE990F2C09}.Debug|Any CPU.ActiveCfg = Debug|Any CPU
		{5C9C7BEF-1A66-46F2-9FD4-E0EE990F2C09}.Debug|Any CPU.Build.0 = Debug|Any CPU
		{5C9C7BEF-1A66-46F2-9FD4-E0EE990F2C09}.Release|Any CPU.ActiveCfg = Release|Any CPU
		{5C9C7BEF-1A66-46F2-9FD4-E0EE990F2C09}.Release|Any CPU.Build.0 = Release|Any CPU
	EndGlobalSection
	GlobalSection(SolutionProperties) = preSolution
		HideSolutionNode = FALSE
	EndGlobalSection
	GlobalSection(ExtensibilityGlobals) = postSolution
		SolutionGuid = {2664050C-BEFC-4E89-B593-FDD652748F8C}
	EndGlobalSection
EndGlobal
