
Microsoft Visual Studio Solution File, Format Version 12.00
# Visual Studio 15
VisualStudioVersion = 15.0.34526.175
MinimumVisualStudioVersion = 10.0.40219.1
Project("{FAE04EC0-301F-11D3-BF4B-00C04F79EFBC}") = "N_1", "N_1\N_1.csproj", "{25AFCF3B-C324-4EC6-91F4-C848FE6469BD}"
EndProject
Project("{FAE04EC0-301F-11D3-BF4B-00C04F79EFBC}") = "N_2", "N_2\N_2.csproj", "{DD753693-702A-4CCA-A551-82837720204A}"
EndProject
Project("{FAE04EC0-301F-11D3-BF4B-00C04F79EFBC}") = "N_3", "N_3\N_3.csproj", "{42BC800F-A513-4D9C-91C2-E73F79CE182B}"
EndProject
Project("{FAE04EC0-301F-11D3-BF4B-00C04F79EFBC}") = "N_4", "N_4\N_4.csproj", "{85CAC200-A59C-4D88-970E-56183C89D0FC}"
EndProject
Global
	GlobalSection(SolutionConfigurationPlatforms) = preSolution
		Debug|Any CPU = Debug|Any CPU
		Release|Any CPU = Release|Any CPU
	EndGlobalSection
	GlobalSection(ProjectConfigurationPlatforms) = postSolution
		{25AFCF3B-C324-4EC6-91F4-C848FE6469BD}.Debug|Any CPU.ActiveCfg = Debug|Any CPU
		{25AFCF3B-C324-4EC6-91F4-C848FE6469BD}.Debug|Any CPU.Build.0 = Debug|Any CPU
		{25AFCF3B-C324-4EC6-91F4-C848FE6469BD}.Release|Any CPU.ActiveCfg = Release|Any CPU
		{25AFCF3B-C324-4EC6-91F4-C848FE6469BD}.Release|Any CPU.Build.0 = Release|Any CPU
		{DD753693-702A-4CCA-A551-82837720204A}.Debug|Any CPU.ActiveCfg = Debug|Any CPU
		{DD753693-702A-4CCA-A551-82837720204A}.Debug|Any CPU.Build.0 = Debug|Any CPU
		{DD753693-702A-4CCA-A551-82837720204A}.Release|Any CPU.ActiveCfg = Release|Any CPU
		{DD753693-702A-4CCA-A551-82837720204A}.Release|Any CPU.Build.0 = Release|Any CPU
		{42BC800F-A513-4D9C-91C2-E73F79CE182B}.Debug|Any CPU.ActiveCfg = Debug|Any CPU
		{42BC800F-A513-4D9C-91C2-E73F79CE182B}.Debug|Any CPU.Build.0 = Debug|Any CPU
		{42BC800F-A513-4D9C-91C2-E73F79CE182B}.Release|Any CPU.ActiveCfg = Release|Any CPU
		{42BC800F-A513-4D9C-91C2-E73F79CE182B}.Release|Any CPU.Build.0 = Release|Any CPU
		{85CAC200-A59C-4D88-970E-56183C89D0FC}.Debug|Any CPU.ActiveCfg = Debug|Any CPU
		{85CAC200-A59C-4D88-970E-56183C89D0FC}.Debug|Any CPU.Build.0 = Debug|Any CPU
		{85CAC200-A59C-4D88-970E-56183C89D0FC}.Release|Any CPU.ActiveCfg = Release|Any CPU
		{85CAC200-A59C-4D88-970E-56183C89D0FC}.Release|Any CPU.Build.0 = Release|Any CPU
	EndGlobalSection
	GlobalSection(SolutionProperties) = preSolution
		HideSolutionNode = FALSE
	EndGlobalSection
	GlobalSection(ExtensibilityGlobals) = postSolution
		SolutionGuid = {0ECE8DEB-AC08-440F-8D16-E14C7C2EC29C}
	EndGlobalSection
EndGlobal
